
Microsoft Visual Studio Solution File, Format Version 12.00
# Visual Studio Version 17
VisualStudioVersion = 17.13.35818.85 d17.13
MinimumVisualStudioVersion = 10.0.40219.1
Project("{FAE04EC0-301F-11D3-BF4B-00C04F79EFBC}") = "tpmodul5_103022300014", "tpmodul5_103022300014\tpmodul5_103022300014.csproj", "{CA70B8E5-1455-4650-872B-0C83F52CE63E}"
EndProject
Global
	GlobalSection(SolutionConfigurationPlatforms) = preSolution
		Debug|Any CPU = Debug|Any CPU
		Release|Any CPU = Release|Any CPU
	EndGlobalSection
	GlobalSection(ProjectConfigurationPlatforms) = postSolution
		{CA70B8E5-1455-4650-872B-0C83F52CE63E}.Debug|Any CPU.ActiveCfg = Debug|Any CPU
		{CA70B8E5-1455-4650-872B-0C83F52CE63E}.Debug|Any CPU.Build.0 = Debug|Any CPU
		{CA70B8E5-1455-4650-872B-0C83F52CE63E}.Release|Any CPU.ActiveCfg = Release|Any CPU
		{CA70B8E5-1455-4650-872B-0C83F52CE63E}.Release|Any CPU.Build.0 = Release|Any CPU
	EndGlobalSection
	GlobalSection(SolutionProperties) = preSolution
		HideSolutionNode = FALSE
	EndGlobalSection
	GlobalSection(ExtensibilityGlobals) = postSolution
		SolutionGuid = {4053D5A0-4692-4E4D-B095-032C96CC2DC4}
	EndGlobalSection
EndGlobal
